{
  "name": "radial-menu-component-demo",
  "version": "1.0.0",
  "lockfileVersion": 1,
  "requires": true,
  "dependencies": {
    "custom-radial-menu": {
      "version": "1.0.0",
      "resolved": "https://registry.npmjs.org/custom-radial-menu/-/custom-radial-menu-1.0.0.tgz",
      "integrity": "sha512-3OeOfI5ZwqJ1m6rccyt2DIEIWoPc24pxIXI5vumLvXfdH1yb9q5Q2QEKKMaoGNiL/8V4q0daFHKaaxAhzF7/Bg=="
    }
  }
}
